
Microsoft Visual Studio Solution File, Format Version 12.00
# Visual Studio Version 17
VisualStudioVersion = 17.3.32901.215
MinimumVisualStudioVersion = 10.0.40219.1
Project("{FAE04EC0-301F-11D3-BF4B-00C04F79EFBC}") = "Geometry", "Geometry\Geometry.csproj", "{8BEED940-8F39-4215-94C1-172C7109ED14}"
EndProject
Global
	GlobalSection(SolutionConfigurationPlatforms) = preSolution
		Debug|Any CPU = Debug|Any CPU
		Release|Any CPU = Release|Any CPU
	EndGlobalSection
	GlobalSection(ProjectConfigurationPlatforms) = postSolution
		{8BEED940-8F39-4215-94C1-172C7109ED14}.Debug|Any CPU.ActiveCfg = Debug|Any CPU
		{8BEED940-8F39-4215-94C1-172C7109ED14}.Debug|Any CPU.Build.0 = Debug|Any CPU
		{8BEED940-8F39-4215-94C1-172C7109ED14}.Release|Any CPU.ActiveCfg = Release|Any CPU
		{8BEED940-8F39-4215-94C1-172C7109ED14}.Release|Any CPU.Build.0 = Release|Any CPU
	EndGlobalSection
	GlobalSection(SolutionProperties) = preSolution
		HideSolutionNode = FALSE
	EndGlobalSection
	GlobalSection(ExtensibilityGlobals) = postSolution
		SolutionGuid = {ED2E0EBA-CF6E-4ECA-B9D6-5DB6E3DAAA58}
	EndGlobalSection
EndGlobal
